
Microsoft Visual Studio Solution File, Format Version 12.00
# Visual Studio 15
VisualStudioVersion = 15.0.26430.15
MinimumVisualStudioVersion = 10.0.40219.1
Project("{2150E333-8FDC-42A3-9474-1A3956D46DE8}") = ".data", ".data", "{98086B43-9FF5-4181-8B72-3908D01EC82B}"
	ProjectSection(SolutionItems) = preProject
		.data\scope - copia (0).json = .data\scope - copia (0).json
		.data\scope - copia (1).json = .data\scope - copia (1).json
		.data\scope.json = .data\scope.json
	EndProjectSection
EndProject
Project("{2150E333-8FDC-42A3-9474-1A3956D46DE8}") = ".images", ".images", "{BC2732A1-7645-42A3-BDAE-194CE8FEDB18}"
	ProjectSection(SolutionItems) = preProject
		.images\btnConfiguration.jpg = .images\btnConfiguration.jpg
		.images\btnMinus.jpg = .images\btnMinus.jpg
		.images\btnPlus.jpg = .images\btnPlus.jpg
		.images\Image1.png = .images\Image1.png
		.images\logo(a).jpg = .images\logo(a).jpg
		.images\logo(b).jpg = .images\logo(b).jpg
		.images\logo.txt = .images\logo.txt
		.images\scope-logo.png = .images\scope-logo.png
		.images\scope.ico = .images\scope.ico
		.images\scopeLogo (1).png = .images\scopeLogo (1).png
		.images\scopeLogo.ico = .images\scopeLogo.ico
		.images\scopeLogo.png = .images\scopeLogo.png
		.images\scopeLogo_ico.ico = .images\scopeLogo_ico.ico
		.images\scopeLogo_ico.png = .images\scopeLogo_ico.png
	EndProjectSection
EndProject
Project("{2150E333-8FDC-42A3-9474-1A3956D46DE8}") = ".extras", ".extras", "{3C61EF9D-3ABE-40EC-BB96-9E16D3EF5EE5}"
	ProjectSection(SolutionItems) = preProject
		.data\.extras\giftAidersList(0).json = .data\.extras\giftAidersList(0).json
		.data\.extras\giftAidersList.json = .data\.extras\giftAidersList.json
	EndProjectSection
EndProject
Project("{2150E333-8FDC-42A3-9474-1A3956D46DE8}") = "giftAidersList", "giftAidersList", "{44636E4C-D213-4B6A-A809-1B64DA94A3FE}"
	ProjectSection(SolutionItems) = preProject
		.data\.extras\giftAidersList\20170529_124013.jpg = .data\.extras\giftAidersList\20170529_124013.jpg
		.data\.extras\giftAidersList\20170529_124029.jpg = .data\.extras\giftAidersList\20170529_124029.jpg
		.data\.extras\giftAidersList\20170529_124046.jpg = .data\.extras\giftAidersList\20170529_124046.jpg
		.data\.extras\giftAidersList\20170529_124055.jpg = .data\.extras\giftAidersList\20170529_124055.jpg
		.data\.extras\giftAidersList\20170529_124108.jpg = .data\.extras\giftAidersList\20170529_124108.jpg
		.data\.extras\giftAidersList\20170529_124117.jpg = .data\.extras\giftAidersList\20170529_124117.jpg
		.data\.extras\giftAidersList\20170529_124126.jpg = .data\.extras\giftAidersList\20170529_124126.jpg
		.data\.extras\giftAidersList\20170529_124136.jpg = .data\.extras\giftAidersList\20170529_124136.jpg
		.data\.extras\giftAidersList\20170529_124149.jpg = .data\.extras\giftAidersList\20170529_124149.jpg
		.data\.extras\giftAidersList\20170529_124157.jpg = .data\.extras\giftAidersList\20170529_124157.jpg
		.data\.extras\giftAidersList\20170529_124206.jpg = .data\.extras\giftAidersList\20170529_124206.jpg
		.data\.extras\giftAidersList\20170530_103203.jpg = .data\.extras\giftAidersList\20170530_103203.jpg
		.data\.extras\giftAidersList\20170530_103218.jpg = .data\.extras\giftAidersList\20170530_103218.jpg
		.data\.extras\giftAidersList\20170530_103234.jpg = .data\.extras\giftAidersList\20170530_103234.jpg
		.data\.extras\giftAidersList\20170530_103245.jpg = .data\.extras\giftAidersList\20170530_103245.jpg
		.data\.extras\giftAidersList\20170530_114503.jpg = .data\.extras\giftAidersList\20170530_114503.jpg
		.data\.extras\giftAidersList\20170530_114516.jpg = .data\.extras\giftAidersList\20170530_114516.jpg
		.data\.extras\giftAidersList\20170530_114528.jpg = .data\.extras\giftAidersList\20170530_114528.jpg
		.data\.extras\giftAidersList\20170604_134423.jpg = .data\.extras\giftAidersList\20170604_134423.jpg
		.data\.extras\giftAidersList\20170604_134436.jpg = .data\.extras\giftAidersList\20170604_134436.jpg
		.data\.extras\giftAidersList\20170604_135300.jpg = .data\.extras\giftAidersList\20170604_135300.jpg
		.data\.extras\giftAidersList\20170604_135311.jpg = .data\.extras\giftAidersList\20170604_135311.jpg
		.data\.extras\giftAidersList\20170604_135322.jpg = .data\.extras\giftAidersList\20170604_135322.jpg
		.data\.extras\giftAidersList\20170604_135332.jpg = .data\.extras\giftAidersList\20170604_135332.jpg
		.data\.extras\giftAidersList\20170604_135347.jpg = .data\.extras\giftAidersList\20170604_135347.jpg
		.data\.extras\giftAidersList\20170604_135357.jpg = .data\.extras\giftAidersList\20170604_135357.jpg
		.data\.extras\giftAidersList\20170604_135404.jpg = .data\.extras\giftAidersList\20170604_135404.jpg
		.data\.extras\giftAidersList\20170604_135416.jpg = .data\.extras\giftAidersList\20170604_135416.jpg
		.data\.extras\giftAidersList\20170604_135745.jpg = .data\.extras\giftAidersList\20170604_135745.jpg
		.data\.extras\giftAidersList\20170604_135801.jpg = .data\.extras\giftAidersList\20170604_135801.jpg
		.data\.extras\giftAidersList\20170604_135810.jpg = .data\.extras\giftAidersList\20170604_135810.jpg
		.data\.extras\giftAidersList\20170604_135820.jpg = .data\.extras\giftAidersList\20170604_135820.jpg
		.data\.extras\giftAidersList\20170604_135829.jpg = .data\.extras\giftAidersList\20170604_135829.jpg
		.data\.extras\giftAidersList\20170604_135841.jpg = .data\.extras\giftAidersList\20170604_135841.jpg
		.data\.extras\giftAidersList\20170604_135853.jpg = .data\.extras\giftAidersList\20170604_135853.jpg
		.data\.extras\giftAidersList\20170604_135902.jpg = .data\.extras\giftAidersList\20170604_135902.jpg
		.data\.extras\giftAidersList\20170604_135917.jpg = .data\.extras\giftAidersList\20170604_135917.jpg
		.data\.extras\giftAidersList\20170604_135925.jpg = .data\.extras\giftAidersList\20170604_135925.jpg
		.data\.extras\giftAidersList\20170604_135934.jpg = .data\.extras\giftAidersList\20170604_135934.jpg
		.data\.extras\giftAidersList\20170604_135944.jpg = .data\.extras\giftAidersList\20170604_135944.jpg
	EndProjectSection
EndProject
Project("{FAE04EC0-301F-11D3-BF4B-00C04F79EFBC}") = "sbranch.v0.1", "sbranch.v0.1\sbranch.v0.1.csproj", "{F6B57CE3-8780-4D40-A34E-E430ECD36857}"
EndProject
Project("{FAE04EC0-301F-11D3-BF4B-00C04F79EFBC}") = "sbranch.v0.2", "sbranch.v0.2\sbranch.v0.2.csproj", "{3780D847-99A1-4D1F-B3F5-0FBE9D0E9A91}"
EndProject
Project("{E24C65DC-7377-472B-9ABA-BC803B73C61A}") = "sbranch.v0.3", "sbranch.v0.3\", "{F254C82C-E503-4B37-83B8-43B9785EF783}"
	ProjectSection(WebsiteProperties) = preProject
		TargetFrameworkMoniker = ".NETFramework,Version%3Dv4.6.1"
		Debug.AspNetCompiler.VirtualPath = "/localhost_1747"
		Debug.AspNetCompiler.PhysicalPath = "sbranch.v0.3\"
		Debug.AspNetCompiler.TargetPath = "PrecompiledWeb\localhost_1747\"
		Debug.AspNetCompiler.Updateable = "true"
		Debug.AspNetCompiler.ForceOverwrite = "true"
		Debug.AspNetCompiler.FixedNames = "false"
		Debug.AspNetCompiler.Debug = "True"
		Release.AspNetCompiler.VirtualPath = "/localhost_1747"
		Release.AspNetCompiler.PhysicalPath = "sbranch.v0.3\"
		Release.AspNetCompiler.TargetPath = "PrecompiledWeb\localhost_1747\"
		Release.AspNetCompiler.Updateable = "true"
		Release.AspNetCompiler.ForceOverwrite = "true"
		Release.AspNetCompiler.FixedNames = "false"
		Release.AspNetCompiler.Debug = "False"
		VWDPort = "1747"
		SlnRelativePath = "sbranch.v0.3\"
		DefaultWebSiteLanguage = "Visual C#"
	EndProjectSection
EndProject
Project("{E24C65DC-7377-472B-9ABA-BC803B73C61A}") = "sbranch.v0.4", "sbranch.v0.4\", "{90DD5E04-9A93-421B-A700-D03283F9C88E}"
	ProjectSection(WebsiteProperties) = preProject
		TargetFrameworkMoniker = ".NETFramework,Version%3Dv4.6.1"
		Debug.AspNetCompiler.VirtualPath = "/localhost_1748"
		Debug.AspNetCompiler.PhysicalPath = "sbranch.v0.4\"
		Debug.AspNetCompiler.TargetPath = "PrecompiledWeb\localhost_1748\"
		Debug.AspNetCompiler.Updateable = "true"
		Debug.AspNetCompiler.ForceOverwrite = "true"
		Debug.AspNetCompiler.FixedNames = "false"
		Debug.AspNetCompiler.Debug = "True"
		Release.AspNetCompiler.VirtualPath = "/localhost_1748"
		Release.AspNetCompiler.PhysicalPath = "sbranch.v0.4\"
		Release.AspNetCompiler.TargetPath = "PrecompiledWeb\localhost_1748\"
		Release.AspNetCompiler.Updateable = "true"
		Release.AspNetCompiler.ForceOverwrite = "true"
		Release.AspNetCompiler.FixedNames = "false"
		Release.AspNetCompiler.Debug = "False"
		VWDPort = "1748"
		SlnRelativePath = "sbranch.v0.4\"
		DefaultWebSiteLanguage = "Visual C#"
	EndProjectSection
EndProject
Project("{FAE04EC0-301F-11D3-BF4B-00C04F79EFBC}") = "Scope.v2.0", "Scope.android\Scope.v2.0.csproj", "{F15D08EB-1986-4DB4-AF64-DFF2D32C34D4}"
EndProject
Project("{FAE04EC0-301F-11D3-BF4B-00C04F79EFBC}") = "Scope.v3.0", "Scope.iphone\Scope.v3.0.csproj", "{37A873AF-BFC6-4A33-8CD2-B1CE35A66FC1}"
EndProject
Project("{FAE04EC0-301F-11D3-BF4B-00C04F79EFBC}") = "Scope.v4.0", "Scope.ipad\Scope.v4.0.csproj", "{392B0DBC-9A1B-4635-9C7C-8E6F7EE00879}"
EndProject
Project("{E24C65DC-7377-472B-9ABA-BC803B73C61A}") = "Scope.web", "Scope.web\", "{3A7CDED9-8DB3-4392-B8DD-47AC6CA4D9EA}"
	ProjectSection(WebsiteProperties) = preProject
		TargetFrameworkMoniker = ".NETFramework,Version%3Dv4.6.1"
		Debug.AspNetCompiler.VirtualPath = "/localhost_1749"
		Debug.AspNetCompiler.PhysicalPath = "Scope.web\"
		Debug.AspNetCompiler.TargetPath = "PrecompiledWeb\localhost_1749\"
		Debug.AspNetCompiler.Updateable = "true"
		Debug.AspNetCompiler.ForceOverwrite = "true"
		Debug.AspNetCompiler.FixedNames = "false"
		Debug.AspNetCompiler.Debug = "True"
		Release.AspNetCompiler.VirtualPath = "/localhost_1749"
		Release.AspNetCompiler.PhysicalPath = "Scope.web\"
		Release.AspNetCompiler.TargetPath = "PrecompiledWeb\localhost_1749\"
		Release.AspNetCompiler.Updateable = "true"
		Release.AspNetCompiler.ForceOverwrite = "true"
		Release.AspNetCompiler.FixedNames = "false"
		Release.AspNetCompiler.Debug = "False"
		VWDPort = "1749"
		SlnRelativePath = "Scope.web\"
		DefaultWebSiteLanguage = "Visual C#"
	EndProjectSection
EndProject
Global
	GlobalSection(SolutionConfigurationPlatforms) = preSolution
		Ad-Hoc|Any CPU = Ad-Hoc|Any CPU
		Ad-Hoc|ARM = Ad-Hoc|ARM
		Ad-Hoc|iPhone = Ad-Hoc|iPhone
		Ad-Hoc|iPhoneSimulator = Ad-Hoc|iPhoneSimulator
		Ad-Hoc|x64 = Ad-Hoc|x64
		Ad-Hoc|x86 = Ad-Hoc|x86
		AppStore|Any CPU = AppStore|Any CPU
		AppStore|ARM = AppStore|ARM
		AppStore|iPhone = AppStore|iPhone
		AppStore|iPhoneSimulator = AppStore|iPhoneSimulator
		AppStore|x64 = AppStore|x64
		AppStore|x86 = AppStore|x86
		Debug|Any CPU = Debug|Any CPU
		Debug|ARM = Debug|ARM
		Debug|iPhone = Debug|iPhone
		Debug|iPhoneSimulator = Debug|iPhoneSimulator
		Debug|x64 = Debug|x64
		Debug|x86 = Debug|x86
		Release|Any CPU = Release|Any CPU
		Release|ARM = Release|ARM
		Release|iPhone = Release|iPhone
		Release|iPhoneSimulator = Release|iPhoneSimulator
		Release|x64 = Release|x64
		Release|x86 = Release|x86
	EndGlobalSection
	GlobalSection(ProjectConfigurationPlatforms) = postSolution
		{F6B57CE3-8780-4D40-A34E-E430ECD36857}.Ad-Hoc|Any CPU.ActiveCfg = Release|Any CPU
		{F6B57CE3-8780-4D40-A34E-E430ECD36857}.Ad-Hoc|ARM.ActiveCfg = Release|Any CPU
		{F6B57CE3-8780-4D40-A34E-E430ECD36857}.Ad-Hoc|iPhone.ActiveCfg = Release|Any CPU
		{F6B57CE3-8780-4D40-A34E-E430ECD36857}.Ad-Hoc|iPhoneSimulator.ActiveCfg = Release|Any CPU
		{F6B57CE3-8780-4D40-A34E-E430ECD36857}.Ad-Hoc|x64.ActiveCfg = Release|Any CPU
		{F6B57CE3-8780-4D40-A34E-E430ECD36857}.Ad-Hoc|x86.ActiveCfg = Release|Any CPU
		{F6B57CE3-8780-4D40-A34E-E430ECD36857}.AppStore|Any CPU.ActiveCfg = Release|Any CPU
		{F6B57CE3-8780-4D40-A34E-E430ECD36857}.AppStore|ARM.ActiveCfg = Release|Any CPU
		{F6B57CE3-8780-4D40-A34E-E430ECD36857}.AppStore|iPhone.ActiveCfg = Release|Any CPU
		{F6B57CE3-8780-4D40-A34E-E430ECD36857}.AppStore|iPhoneSimulator.ActiveCfg = Release|Any CPU
		{F6B57CE3-8780-4D40-A34E-E430ECD36857}.AppStore|x64.ActiveCfg = Release|Any CPU
		{F6B57CE3-8780-4D40-A34E-E430ECD36857}.AppStore|x86.ActiveCfg = Release|Any CPU
		{F6B57CE3-8780-4D40-A34E-E430ECD36857}.Debug|Any CPU.ActiveCfg = Debug|Any CPU
		{F6B57CE3-8780-4D40-A34E-E430ECD36857}.Debug|Any CPU.Build.0 = Debug|Any CPU
		{F6B57CE3-8780-4D40-A34E-E430ECD36857}.Debug|ARM.ActiveCfg = Debug|Any CPU
		{F6B57CE3-8780-4D40-A34E-E430ECD36857}.Debug|ARM.Build.0 = Debug|Any CPU
		{F6B57CE3-8780-4D40-A34E-E430ECD36857}.Debug|iPhone.ActiveCfg = Debug|Any CPU
		{F6B57CE3-8780-4D40-A34E-E430ECD36857}.Debug|iPhoneSimulator.ActiveCfg = Debug|Any CPU
		{F6B57CE3-8780-4D40-A34E-E430ECD36857}.Debug|x64.ActiveCfg = Debug|Any CPU
		{F6B57CE3-8780-4D40-A34E-E430ECD36857}.Debug|x64.Build.0 = Debug|Any CPU
		{F6B57CE3-8780-4D40-A34E-E430ECD36857}.Debug|x86.ActiveCfg = Debug|Any CPU
		{F6B57CE3-8780-4D40-A34E-E430ECD36857}.Debug|x86.Build.0 = Debug|Any CPU
		{F6B57CE3-8780-4D40-A34E-E430ECD36857}.Release|Any CPU.ActiveCfg = Release|Any CPU
		{F6B57CE3-8780-4D40-A34E-E430ECD36857}.Release|Any CPU.Build.0 = Release|Any CPU
		{F6B57CE3-8780-4D40-A34E-E430ECD36857}.Release|ARM.ActiveCfg = Release|Any CPU
		{F6B57CE3-8780-4D40-A34E-E430ECD36857}.Release|ARM.Build.0 = Release|Any CPU
		{F6B57CE3-8780-4D40-A34E-E430ECD36857}.Release|iPhone.ActiveCfg = Release|Any CPU
		{F6B57CE3-8780-4D40-A34E-E430ECD36857}.Release|iPhoneSimulator.ActiveCfg = Release|Any CPU
		{F6B57CE3-8780-4D40-A34E-E430ECD36857}.Release|x64.ActiveCfg = Release|Any CPU
		{F6B57CE3-8780-4D40-A34E-E430ECD36857}.Release|x64.Build.0 = Release|Any CPU
		{F6B57CE3-8780-4D40-A34E-E430ECD36857}.Release|x86.ActiveCfg = Release|Any CPU
		{F6B57CE3-8780-4D40-A34E-E430ECD36857}.Release|x86.Build.0 = Release|Any CPU
		{3780D847-99A1-4D1F-B3F5-0FBE9D0E9A91}.Ad-Hoc|Any CPU.ActiveCfg = Release|Any CPU
		{3780D847-99A1-4D1F-B3F5-0FBE9D0E9A91}.Ad-Hoc|ARM.ActiveCfg = Release|Any CPU
		{3780D847-99A1-4D1F-B3F5-0FBE9D0E9A91}.Ad-Hoc|iPhone.ActiveCfg = Release|Any CPU
		{3780D847-99A1-4D1F-B3F5-0FBE9D0E9A91}.Ad-Hoc|iPhoneSimulator.ActiveCfg = Release|Any CPU
		{3780D847-99A1-4D1F-B3F5-0FBE9D0E9A91}.Ad-Hoc|x64.ActiveCfg = Release|Any CPU
		{3780D847-99A1-4D1F-B3F5-0FBE9D0E9A91}.Ad-Hoc|x86.ActiveCfg = Release|Any CPU
		{3780D847-99A1-4D1F-B3F5-0FBE9D0E9A91}.AppStore|Any CPU.ActiveCfg = Release|Any CPU
		{3780D847-99A1-4D1F-B3F5-0FBE9D0E9A91}.AppStore|ARM.ActiveCfg = Release|Any CPU
		{3780D847-99A1-4D1F-B3F5-0FBE9D0E9A91}.AppStore|iPhone.ActiveCfg = Release|Any CPU
		{3780D847-99A1-4D1F-B3F5-0FBE9D0E9A91}.AppStore|iPhoneSimulator.ActiveCfg = Release|Any CPU
		{3780D847-99A1-4D1F-B3F5-0FBE9D0E9A91}.AppStore|x64.ActiveCfg = Release|Any CPU
		{3780D847-99A1-4D1F-B3F5-0FBE9D0E9A91}.AppStore|x86.ActiveCfg = Release|Any CPU
		{3780D847-99A1-4D1F-B3F5-0FBE9D0E9A91}.Debug|Any CPU.ActiveCfg = Debug|Any CPU
		{3780D847-99A1-4D1F-B3F5-0FBE9D0E9A91}.Debug|Any CPU.Build.0 = Debug|Any CPU
		{3780D847-99A1-4D1F-B3F5-0FBE9D0E9A91}.Debug|ARM.ActiveCfg = Debug|Any CPU
		{3780D847-99A1-4D1F-B3F5-0FBE9D0E9A91}.Debug|ARM.Build.0 = Debug|Any CPU
		{3780D847-99A1-4D1F-B3F5-0FBE9D0E9A91}.Debug|iPhone.ActiveCfg = Debug|Any CPU
		{3780D847-99A1-4D1F-B3F5-0FBE9D0E9A91}.Debug|iPhoneSimulator.ActiveCfg = Debug|Any CPU
		{3780D847-99A1-4D1F-B3F5-0FBE9D0E9A91}.Debug|x64.ActiveCfg = Debug|Any CPU
		{3780D847-99A1-4D1F-B3F5-0FBE9D0E9A91}.Debug|x64.Build.0 = Debug|Any CPU
		{3780D847-99A1-4D1F-B3F5-0FBE9D0E9A91}.Debug|x86.ActiveCfg = Debug|Any CPU
		{3780D847-99A1-4D1F-B3F5-0FBE9D0E9A91}.Debug|x86.Build.0 = Debug|Any CPU
		{3780D847-99A1-4D1F-B3F5-0FBE9D0E9A91}.Release|Any CPU.ActiveCfg = Release|Any CPU
		{3780D847-99A1-4D1F-B3F5-0FBE9D0E9A91}.Release|Any CPU.Build.0 = Release|Any CPU
		{3780D847-99A1-4D1F-B3F5-0FBE9D0E9A91}.Release|ARM.ActiveCfg = Release|Any CPU
		{3780D847-99A1-4D1F-B3F5-0FBE9D0E9A91}.Release|ARM.Build.0 = Release|Any CPU
		{3780D847-99A1-4D1F-B3F5-0FBE9D0E9A91}.Release|iPhone.ActiveCfg = Release|Any CPU
		{3780D847-99A1-4D1F-B3F5-0FBE9D0E9A91}.Release|iPhoneSimulator.ActiveCfg = Release|Any CPU
		{3780D847-99A1-4D1F-B3F5-0FBE9D0E9A91}.Release|x64.ActiveCfg = Release|Any CPU
		{3780D847-99A1-4D1F-B3F5-0FBE9D0E9A91}.Release|x64.Build.0 = Release|Any CPU
		{3780D847-99A1-4D1F-B3F5-0FBE9D0E9A91}.Release|x86.ActiveCfg = Release|Any CPU
		{3780D847-99A1-4D1F-B3F5-0FBE9D0E9A91}.Release|x86.Build.0 = Release|Any CPU
		{F254C82C-E503-4B37-83B8-43B9785EF783}.Ad-Hoc|Any CPU.ActiveCfg = Debug|Any CPU
		{F254C82C-E503-4B37-83B8-43B9785EF783}.Ad-Hoc|Any CPU.Build.0 = Debug|Any CPU
		{F254C82C-E503-4B37-83B8-43B9785EF783}.Ad-Hoc|ARM.ActiveCfg = Debug|Any CPU
		{F254C82C-E503-4B37-83B8-43B9785EF783}.Ad-Hoc|ARM.Build.0 = Debug|Any CPU
		{F254C82C-E503-4B37-83B8-43B9785EF783}.Ad-Hoc|iPhone.ActiveCfg = Debug|Any CPU
		{F254C82C-E503-4B37-83B8-43B9785EF783}.Ad-Hoc|iPhone.Build.0 = Debug|Any CPU
		{F254C82C-E503-4B37-83B8-43B9785EF783}.Ad-Hoc|iPhoneSimulator.ActiveCfg = Debug|Any CPU
		{F254C82C-E503-4B37-83B8-43B9785EF783}.Ad-Hoc|iPhoneSimulator.Build.0 = Debug|Any CPU
		{F254C82C-E503-4B37-83B8-43B9785EF783}.Ad-Hoc|x64.ActiveCfg = Debug|Any CPU
		{F254C82C-E503-4B37-83B8-43B9785EF783}.Ad-Hoc|x64.Build.0 = Debug|Any CPU
		{F254C82C-E503-4B37-83B8-43B9785EF783}.Ad-Hoc|x86.ActiveCfg = Debug|Any CPU
		{F254C82C-E503-4B37-83B8-43B9785EF783}.Ad-Hoc|x86.Build.0 = Debug|Any CPU
		{F254C82C-E503-4B37-83B8-43B9785EF783}.AppStore|Any CPU.ActiveCfg = Debug|Any CPU
		{F254C82C-E503-4B37-83B8-43B9785EF783}.AppStore|Any CPU.Build.0 = Debug|Any CPU
		{F254C82C-E503-4B37-83B8-43B9785EF783}.AppStore|ARM.ActiveCfg = Debug|Any CPU
		{F254C82C-E503-4B37-83B8-43B9785EF783}.AppStore|ARM.Build.0 = Debug|Any CPU
		{F254C82C-E503-4B37-83B8-43B9785EF783}.AppStore|iPhone.ActiveCfg = Debug|Any CPU
		{F254C82C-E503-4B37-83B8-43B9785EF783}.AppStore|iPhone.Build.0 = Debug|Any CPU
		{F254C82C-E503-4B37-83B8-43B9785EF783}.AppStore|iPhoneSimulator.ActiveCfg = Debug|Any CPU
		{F254C82C-E503-4B37-83B8-43B9785EF783}.AppStore|iPhoneSimulator.Build.0 = Debug|Any CPU
		{F254C82C-E503-4B37-83B8-43B9785EF783}.AppStore|x64.ActiveCfg = Debug|Any CPU
		{F254C82C-E503-4B37-83B8-43B9785EF783}.AppStore|x64.Build.0 = Debug|Any CPU
		{F254C82C-E503-4B37-83B8-43B9785EF783}.AppStore|x86.ActiveCfg = Debug|Any CPU
		{F254C82C-E503-4B37-83B8-43B9785EF783}.AppStore|x86.Build.0 = Debug|Any CPU
		{F254C82C-E503-4B37-83B8-43B9785EF783}.Debug|Any CPU.ActiveCfg = Debug|Any CPU
		{F254C82C-E503-4B37-83B8-43B9785EF783}.Debug|Any CPU.Build.0 = Debug|Any CPU
		{F254C82C-E503-4B37-83B8-43B9785EF783}.Debug|ARM.ActiveCfg = Debug|Any CPU
		{F254C82C-E503-4B37-83B8-43B9785EF783}.Debug|ARM.Build.0 = Debug|Any CPU
		{F254C82C-E503-4B37-83B8-43B9785EF783}.Debug|iPhone.ActiveCfg = Debug|Any CPU
		{F254C82C-E503-4B37-83B8-43B9785EF783}.Debug|iPhone.Build.0 = Debug|Any CPU
		{F254C82C-E503-4B37-83B8-43B9785EF783}.Debug|iPhoneSimulator.ActiveCfg = Debug|Any CPU
		{F254C82C-E503-4B37-83B8-43B9785EF783}.Debug|iPhoneSimulator.Build.0 = Debug|Any CPU
		{F254C82C-E503-4B37-83B8-43B9785EF783}.Debug|x64.ActiveCfg = Debug|Any CPU
		{F254C82C-E503-4B37-83B8-43B9785EF783}.Debug|x64.Build.0 = Debug|Any CPU
		{F254C82C-E503-4B37-83B8-43B9785EF783}.Debug|x86.ActiveCfg = Debug|Any CPU
		{F254C82C-E503-4B37-83B8-43B9785EF783}.Debug|x86.Build.0 = Debug|Any CPU
		{F254C82C-E503-4B37-83B8-43B9785EF783}.Release|Any CPU.ActiveCfg = Debug|Any CPU
		{F254C82C-E503-4B37-83B8-43B9785EF783}.Release|Any CPU.Build.0 = Debug|Any CPU
		{F254C82C-E503-4B37-83B8-43B9785EF783}.Release|ARM.ActiveCfg = Debug|Any CPU
		{F254C82C-E503-4B37-83B8-43B9785EF783}.Release|ARM.Build.0 = Debug|Any CPU
		{F254C82C-E503-4B37-83B8-43B9785EF783}.Release|iPhone.ActiveCfg = Debug|Any CPU
		{F254C82C-E503-4B37-83B8-43B9785EF783}.Release|iPhone.Build.0 = Debug|Any CPU
		{F254C82C-E503-4B37-83B8-43B9785EF783}.Release|iPhoneSimulator.ActiveCfg = Debug|Any CPU
		{F254C82C-E503-4B37-83B8-43B9785EF783}.Release|iPhoneSimulator.Build.0 = Debug|Any CPU
		{F254C82C-E503-4B37-83B8-43B9785EF783}.Release|x64.ActiveCfg = Debug|Any CPU
		{F254C82C-E503-4B37-83B8-43B9785EF783}.Release|x64.Build.0 = Debug|Any CPU
		{F254C82C-E503-4B37-83B8-43B9785EF783}.Release|x86.ActiveCfg = Debug|Any CPU
		{F254C82C-E503-4B37-83B8-43B9785EF783}.Release|x86.Build.0 = Debug|Any CPU
		{90DD5E04-9A93-421B-A700-D03283F9C88E}.Ad-Hoc|Any CPU.ActiveCfg = Debug|Any CPU
		{90DD5E04-9A93-421B-A700-D03283F9C88E}.Ad-Hoc|Any CPU.Build.0 = Debug|Any CPU
		{90DD5E04-9A93-421B-A700-D03283F9C88E}.Ad-Hoc|ARM.ActiveCfg = Debug|Any CPU
		{90DD5E04-9A93-421B-A700-D03283F9C88E}.Ad-Hoc|ARM.Build.0 = Debug|Any CPU
		{90DD5E04-9A93-421B-A700-D03283F9C88E}.Ad-Hoc|iPhone.ActiveCfg = Debug|Any CPU
		{90DD5E04-9A93-421B-A700-D03283F9C88E}.Ad-Hoc|iPhone.Build.0 = Debug|Any CPU
		{90DD5E04-9A93-421B-A700-D03283F9C88E}.Ad-Hoc|iPhoneSimulator.ActiveCfg = Debug|Any CPU
		{90DD5E04-9A93-421B-A700-D03283F9C88E}.Ad-Hoc|iPhoneSimulator.Build.0 = Debug|Any CPU
		{90DD5E04-9A93-421B-A700-D03283F9C88E}.Ad-Hoc|x64.ActiveCfg = Debug|Any CPU
		{90DD5E04-9A93-421B-A700-D03283F9C88E}.Ad-Hoc|x64.Build.0 = Debug|Any CPU
		{90DD5E04-9A93-421B-A700-D03283F9C88E}.Ad-Hoc|x86.ActiveCfg = Debug|Any CPU
		{90DD5E04-9A93-421B-A700-D03283F9C88E}.Ad-Hoc|x86.Build.0 = Debug|Any CPU
		{90DD5E04-9A93-421B-A700-D03283F9C88E}.AppStore|Any CPU.ActiveCfg = Debug|Any CPU
		{90DD5E04-9A93-421B-A700-D03283F9C88E}.AppStore|Any CPU.Build.0 = Debug|Any CPU
		{90DD5E04-9A93-421B-A700-D03283F9C88E}.AppStore|ARM.ActiveCfg = Debug|Any CPU
		{90DD5E04-9A93-421B-A700-D03283F9C88E}.AppStore|ARM.Build.0 = Debug|Any CPU
		{90DD5E04-9A93-421B-A700-D03283F9C88E}.AppStore|iPhone.ActiveCfg = Debug|Any CPU
		{90DD5E04-9A93-421B-A700-D03283F9C88E}.AppStore|iPhone.Build.0 = Debug|Any CPU
		{90DD5E04-9A93-421B-A700-D03283F9C88E}.AppStore|iPhoneSimulator.ActiveCfg = Debug|Any CPU
		{90DD5E04-9A93-421B-A700-D03283F9C88E}.AppStore|iPhoneSimulator.Build.0 = Debug|Any CPU
		{90DD5E04-9A93-421B-A700-D03283F9C88E}.AppStore|x64.ActiveCfg = Debug|Any CPU
		{90DD5E04-9A93-421B-A700-D03283F9C88E}.AppStore|x64.Build.0 = Debug|Any CPU
		{90DD5E04-9A93-421B-A700-D03283F9C88E}.AppStore|x86.ActiveCfg = Debug|Any CPU
		{90DD5E04-9A93-421B-A700-D03283F9C88E}.AppStore|x86.Build.0 = Debug|Any CPU
		{90DD5E04-9A93-421B-A700-D03283F9C88E}.Debug|Any CPU.ActiveCfg = Debug|Any CPU
		{90DD5E04-9A93-421B-A700-D03283F9C88E}.Debug|Any CPU.Build.0 = Debug|Any CPU
		{90DD5E04-9A93-421B-A700-D03283F9C88E}.Debug|ARM.ActiveCfg = Debug|Any CPU
		{90DD5E04-9A93-421B-A700-D03283F9C88E}.Debug|ARM.Build.0 = Debug|Any CPU
		{90DD5E04-9A93-421B-A700-D03283F9C88E}.Debug|iPhone.ActiveCfg = Debug|Any CPU
		{90DD5E04-9A93-421B-A700-D03283F9C88E}.Debug|iPhone.Build.0 = Debug|Any CPU
		{90DD5E04-9A93-421B-A700-D03283F9C88E}.Debug|iPhoneSimulator.ActiveCfg = Debug|Any CPU
		{90DD5E04-9A93-421B-A700-D03283F9C88E}.Debug|iPhoneSimulator.Build.0 = Debug|Any CPU
		{90DD5E04-9A93-421B-A700-D03283F9C88E}.Debug|x64.ActiveCfg = Debug|Any CPU
		{90DD5E04-9A93-421B-A700-D03283F9C88E}.Debug|x64.Build.0 = Debug|Any CPU
		{90DD5E04-9A93-421B-A700-D03283F9C88E}.Debug|x86.ActiveCfg = Debug|Any CPU
		{90DD5E04-9A93-421B-A700-D03283F9C88E}.Debug|x86.Build.0 = Debug|Any CPU
		{90DD5E04-9A93-421B-A700-D03283F9C88E}.Release|Any CPU.ActiveCfg = Debug|Any CPU
		{90DD5E04-9A93-421B-A700-D03283F9C88E}.Release|Any CPU.Build.0 = Debug|Any CPU
		{90DD5E04-9A93-421B-A700-D03283F9C88E}.Release|ARM.ActiveCfg = Debug|Any CPU
		{90DD5E04-9A93-421B-A700-D03283F9C88E}.Release|ARM.Build.0 = Debug|Any CPU
		{90DD5E04-9A93-421B-A700-D03283F9C88E}.Release|iPhone.ActiveCfg = Debug|Any CPU
		{90DD5E04-9A93-421B-A700-D03283F9C88E}.Release|iPhone.Build.0 = Debug|Any CPU
		{90DD5E04-9A93-421B-A700-D03283F9C88E}.Release|iPhoneSimulator.ActiveCfg = Debug|Any CPU
		{90DD5E04-9A93-421B-A700-D03283F9C88E}.Release|iPhoneSimulator.Build.0 = Debug|Any CPU
		{90DD5E04-9A93-421B-A700-D03283F9C88E}.Release|x64.ActiveCfg = Debug|Any CPU
		{90DD5E04-9A93-421B-A700-D03283F9C88E}.Release|x64.Build.0 = Debug|Any CPU
		{90DD5E04-9A93-421B-A700-D03283F9C88E}.Release|x86.ActiveCfg = Debug|Any CPU
		{90DD5E04-9A93-421B-A700-D03283F9C88E}.Release|x86.Build.0 = Debug|Any CPU
		{F15D08EB-1986-4DB4-AF64-DFF2D32C34D4}.Ad-Hoc|Any CPU.ActiveCfg = Release|Any CPU
		{F15D08EB-1986-4DB4-AF64-DFF2D32C34D4}.Ad-Hoc|Any CPU.Build.0 = Release|Any CPU
		{F15D08EB-1986-4DB4-AF64-DFF2D32C34D4}.Ad-Hoc|Any CPU.Deploy.0 = Release|Any CPU
		{F15D08EB-1986-4DB4-AF64-DFF2D32C34D4}.Ad-Hoc|ARM.ActiveCfg = Release|Any CPU
		{F15D08EB-1986-4DB4-AF64-DFF2D32C34D4}.Ad-Hoc|ARM.Build.0 = Release|Any CPU
		{F15D08EB-1986-4DB4-AF64-DFF2D32C34D4}.Ad-Hoc|ARM.Deploy.0 = Release|Any CPU
		{F15D08EB-1986-4DB4-AF64-DFF2D32C34D4}.Ad-Hoc|iPhone.ActiveCfg = Release|Any CPU
		{F15D08EB-1986-4DB4-AF64-DFF2D32C34D4}.Ad-Hoc|iPhone.Build.0 = Release|Any CPU
		{F15D08EB-1986-4DB4-AF64-DFF2D32C34D4}.Ad-Hoc|iPhone.Deploy.0 = Release|Any CPU
		{F15D08EB-1986-4DB4-AF64-DFF2D32C34D4}.Ad-Hoc|iPhoneSimulator.ActiveCfg = Release|Any CPU
		{F15D08EB-1986-4DB4-AF64-DFF2D32C34D4}.Ad-Hoc|iPhoneSimulator.Build.0 = Release|Any CPU
		{F15D08EB-1986-4DB4-AF64-DFF2D32C34D4}.Ad-Hoc|iPhoneSimulator.Deploy.0 = Release|Any CPU
		{F15D08EB-1986-4DB4-AF64-DFF2D32C34D4}.Ad-Hoc|x64.ActiveCfg = Release|Any CPU
		{F15D08EB-1986-4DB4-AF64-DFF2D32C34D4}.Ad-Hoc|x64.Build.0 = Release|Any CPU
		{F15D08EB-1986-4DB4-AF64-DFF2D32C34D4}.Ad-Hoc|x64.Deploy.0 = Release|Any CPU
		{F15D08EB-1986-4DB4-AF64-DFF2D32C34D4}.Ad-Hoc|x86.ActiveCfg = Release|Any CPU
		{F15D08EB-1986-4DB4-AF64-DFF2D32C34D4}.Ad-Hoc|x86.Build.0 = Release|Any CPU
		{F15D08EB-1986-4DB4-AF64-DFF2D32C34D4}.Ad-Hoc|x86.Deploy.0 = Release|Any CPU
		{F15D08EB-1986-4DB4-AF64-DFF2D32C34D4}.AppStore|Any CPU.ActiveCfg = Release|Any CPU
		{F15D08EB-1986-4DB4-AF64-DFF2D32C34D4}.AppStore|Any CPU.Build.0 = Release|Any CPU
		{F15D08EB-1986-4DB4-AF64-DFF2D32C34D4}.AppStore|Any CPU.Deploy.0 = Release|Any CPU
		{F15D08EB-1986-4DB4-AF64-DFF2D32C34D4}.AppStore|ARM.ActiveCfg = Release|Any CPU
		{F15D08EB-1986-4DB4-AF64-DFF2D32C34D4}.AppStore|ARM.Build.0 = Release|Any CPU
		{F15D08EB-1986-4DB4-AF64-DFF2D32C34D4}.AppStore|ARM.Deploy.0 = Release|Any CPU
		{F15D08EB-1986-4DB4-AF64-DFF2D32C34D4}.AppStore|iPhone.ActiveCfg = Release|Any CPU
		{F15D08EB-1986-4DB4-AF64-DFF2D32C34D4}.AppStore|iPhone.Build.0 = Release|Any CPU
		{F15D08EB-1986-4DB4-AF64-DFF2D32C34D4}.AppStore|iPhone.Deploy.0 = Release|Any CPU
		{F15D08EB-1986-4DB4-AF64-DFF2D32C34D4}.AppStore|iPhoneSimulator.ActiveCfg = Release|Any CPU
		{F15D08EB-1986-4DB4-AF64-DFF2D32C34D4}.AppStore|iPhoneSimulator.Build.0 = Release|Any CPU
		{F15D08EB-1986-4DB4-AF64-DFF2D32C34D4}.AppStore|iPhoneSimulator.Deploy.0 = Release|Any CPU
		{F15D08EB-1986-4DB4-AF64-DFF2D32C34D4}.AppStore|x64.ActiveCfg = Release|Any CPU
		{F15D08EB-1986-4DB4-AF64-DFF2D32C34D4}.AppStore|x64.Build.0 = Release|Any CPU
		{F15D08EB-1986-4DB4-AF64-DFF2D32C34D4}.AppStore|x64.Deploy.0 = Release|Any CPU
		{F15D08EB-1986-4DB4-AF64-DFF2D32C34D4}.AppStore|x86.ActiveCfg = Release|Any CPU
		{F15D08EB-1986-4DB4-AF64-DFF2D32C34D4}.AppStore|x86.Build.0 = Release|Any CPU
		{F15D08EB-1986-4DB4-AF64-DFF2D32C34D4}.AppStore|x86.Deploy.0 = Release|Any CPU
		{F15D08EB-1986-4DB4-AF64-DFF2D32C34D4}.Debug|Any CPU.ActiveCfg = Debug|Any CPU
		{F15D08EB-1986-4DB4-AF64-DFF2D32C34D4}.Debug|Any CPU.Build.0 = Debug|Any CPU
		{F15D08EB-1986-4DB4-AF64-DFF2D32C34D4}.Debug|Any CPU.Deploy.0 = Debug|Any CPU
		{F15D08EB-1986-4DB4-AF64-DFF2D32C34D4}.Debug|ARM.ActiveCfg = Debug|Any CPU
		{F15D08EB-1986-4DB4-AF64-DFF2D32C34D4}.Debug|ARM.Build.0 = Debug|Any CPU
		{F15D08EB-1986-4DB4-AF64-DFF2D32C34D4}.Debug|ARM.Deploy.0 = Debug|Any CPU
		{F15D08EB-1986-4DB4-AF64-DFF2D32C34D4}.Debug|iPhone.ActiveCfg = Debug|Any CPU
		{F15D08EB-1986-4DB4-AF64-DFF2D32C34D4}.Debug|iPhone.Build.0 = Debug|Any CPU
		{F15D08EB-1986-4DB4-AF64-DFF2D32C34D4}.Debug|iPhone.Deploy.0 = Debug|Any CPU
		{F15D08EB-1986-4DB4-AF64-DFF2D32C34D4}.Debug|iPhoneSimulator.ActiveCfg = Debug|Any CPU
		{F15D08EB-1986-4DB4-AF64-DFF2D32C34D4}.Debug|iPhoneSimulator.Build.0 = Debug|Any CPU
		{F15D08EB-1986-4DB4-AF64-DFF2D32C34D4}.Debug|iPhoneSimulator.Deploy.0 = Debug|Any CPU
		{F15D08EB-1986-4DB4-AF64-DFF2D32C34D4}.Debug|x64.ActiveCfg = Debug|Any CPU
		{F15D08EB-1986-4DB4-AF64-DFF2D32C34D4}.Debug|x64.Build.0 = Debug|Any CPU
		{F15D08EB-1986-4DB4-AF64-DFF2D32C34D4}.Debug|x64.Deploy.0 = Debug|Any CPU
		{F15D08EB-1986-4DB4-AF64-DFF2D32C34D4}.Debug|x86.ActiveCfg = Debug|Any CPU
		{F15D08EB-1986-4DB4-AF64-DFF2D32C34D4}.Debug|x86.Build.0 = Debug|Any CPU
		{F15D08EB-1986-4DB4-AF64-DFF2D32C34D4}.Debug|x86.Deploy.0 = Debug|Any CPU
		{F15D08EB-1986-4DB4-AF64-DFF2D32C34D4}.Release|Any CPU.ActiveCfg = Release|Any CPU
		{F15D08EB-1986-4DB4-AF64-DFF2D32C34D4}.Release|Any CPU.Build.0 = Release|Any CPU
		{F15D08EB-1986-4DB4-AF64-DFF2D32C34D4}.Release|Any CPU.Deploy.0 = Release|Any CPU
		{F15D08EB-1986-4DB4-AF64-DFF2D32C34D4}.Release|ARM.ActiveCfg = Release|Any CPU
		{F15D08EB-1986-4DB4-AF64-DFF2D32C34D4}.Release|ARM.Build.0 = Release|Any CPU
		{F15D08EB-1986-4DB4-AF64-DFF2D32C34D4}.Release|ARM.Deploy.0 = Release|Any CPU
		{F15D08EB-1986-4DB4-AF64-DFF2D32C34D4}.Release|iPhone.ActiveCfg = Release|Any CPU
		{F15D08EB-1986-4DB4-AF64-DFF2D32C34D4}.Release|iPhone.Build.0 = Release|Any CPU
		{F15D08EB-1986-4DB4-AF64-DFF2D32C34D4}.Release|iPhone.Deploy.0 = Release|Any CPU
		{F15D08EB-1986-4DB4-AF64-DFF2D32C34D4}.Release|iPhoneSimulator.ActiveCfg = Release|Any CPU
		{F15D08EB-1986-4DB4-AF64-DFF2D32C34D4}.Release|iPhoneSimulator.Build.0 = Release|Any CPU
		{F15D08EB-1986-4DB4-AF64-DFF2D32C34D4}.Release|iPhoneSimulator.Deploy.0 = Release|Any CPU
		{F15D08EB-1986-4DB4-AF64-DFF2D32C34D4}.Release|x64.ActiveCfg = Release|Any CPU
		{F15D08EB-1986-4DB4-AF64-DFF2D32C34D4}.Release|x64.Build.0 = Release|Any CPU
		{F15D08EB-1986-4DB4-AF64-DFF2D32C34D4}.Release|x64.Deploy.0 = Release|Any CPU
		{F15D08EB-1986-4DB4-AF64-DFF2D32C34D4}.Release|x86.ActiveCfg = Release|Any CPU
		{F15D08EB-1986-4DB4-AF64-DFF2D32C34D4}.Release|x86.Build.0 = Release|Any CPU
		{F15D08EB-1986-4DB4-AF64-DFF2D32C34D4}.Release|x86.Deploy.0 = Release|Any CPU
		{37A873AF-BFC6-4A33-8CD2-B1CE35A66FC1}.Ad-Hoc|Any CPU.ActiveCfg = Ad-Hoc|iPhone
		{37A873AF-BFC6-4A33-8CD2-B1CE35A66FC1}.Ad-Hoc|ARM.ActiveCfg = Ad-Hoc|iPhone
		{37A873AF-BFC6-4A33-8CD2-B1CE35A66FC1}.Ad-Hoc|iPhone.ActiveCfg = Ad-Hoc|iPhone
		{37A873AF-BFC6-4A33-8CD2-B1CE35A66FC1}.Ad-Hoc|iPhone.Build.0 = Ad-Hoc|iPhone
		{37A873AF-BFC6-4A33-8CD2-B1CE35A66FC1}.Ad-Hoc|iPhoneSimulator.ActiveCfg = Ad-Hoc|iPhoneSimulator
		{37A873AF-BFC6-4A33-8CD2-B1CE35A66FC1}.Ad-Hoc|iPhoneSimulator.Build.0 = Ad-Hoc|iPhoneSimulator
		{37A873AF-BFC6-4A33-8CD2-B1CE35A66FC1}.Ad-Hoc|x64.ActiveCfg = Ad-Hoc|iPhone
		{37A873AF-BFC6-4A33-8CD2-B1CE35A66FC1}.Ad-Hoc|x86.ActiveCfg = Ad-Hoc|iPhone
		{37A873AF-BFC6-4A33-8CD2-B1CE35A66FC1}.AppStore|Any CPU.ActiveCfg = AppStore|iPhone
		{37A873AF-BFC6-4A33-8CD2-B1CE35A66FC1}.AppStore|ARM.ActiveCfg = AppStore|iPhone
		{37A873AF-BFC6-4A33-8CD2-B1CE35A66FC1}.AppStore|iPhone.ActiveCfg = AppStore|iPhone
		{37A873AF-BFC6-4A33-8CD2-B1CE35A66FC1}.AppStore|iPhone.Build.0 = AppStore|iPhone
		{37A873AF-BFC6-4A33-8CD2-B1CE35A66FC1}.AppStore|iPhoneSimulator.ActiveCfg = AppStore|iPhoneSimulator
		{37A873AF-BFC6-4A33-8CD2-B1CE35A66FC1}.AppStore|iPhoneSimulator.Build.0 = AppStore|iPhoneSimulator
		{37A873AF-BFC6-4A33-8CD2-B1CE35A66FC1}.AppStore|x64.ActiveCfg = AppStore|iPhone
		{37A873AF-BFC6-4A33-8CD2-B1CE35A66FC1}.AppStore|x86.ActiveCfg = AppStore|iPhone
		{37A873AF-BFC6-4A33-8CD2-B1CE35A66FC1}.Debug|Any CPU.ActiveCfg = Debug|iPhone
		{37A873AF-BFC6-4A33-8CD2-B1CE35A66FC1}.Debug|ARM.ActiveCfg = Debug|iPhone
		{37A873AF-BFC6-4A33-8CD2-B1CE35A66FC1}.Debug|iPhone.ActiveCfg = Debug|iPhone
		{37A873AF-BFC6-4A33-8CD2-B1CE35A66FC1}.Debug|iPhone.Build.0 = Debug|iPhone
		{37A873AF-BFC6-4A33-8CD2-B1CE35A66FC1}.Debug|iPhoneSimulator.ActiveCfg = Debug|iPhoneSimulator
		{37A873AF-BFC6-4A33-8CD2-B1CE35A66FC1}.Debug|iPhoneSimulator.Build.0 = Debug|iPhoneSimulator
		{37A873AF-BFC6-4A33-8CD2-B1CE35A66FC1}.Debug|x64.ActiveCfg = Debug|iPhone
		{37A873AF-BFC6-4A33-8CD2-B1CE35A66FC1}.Debug|x86.ActiveCfg = Debug|iPhone
		{37A873AF-BFC6-4A33-8CD2-B1CE35A66FC1}.Release|Any CPU.ActiveCfg = Release|iPhone
		{37A873AF-BFC6-4A33-8CD2-B1CE35A66FC1}.Release|ARM.ActiveCfg = Release|iPhone
		{37A873AF-BFC6-4A33-8CD2-B1CE35A66FC1}.Release|iPhone.ActiveCfg = Release|iPhone
		{37A873AF-BFC6-4A33-8CD2-B1CE35A66FC1}.Release|iPhone.Build.0 = Release|iPhone
		{37A873AF-BFC6-4A33-8CD2-B1CE35A66FC1}.Release|iPhoneSimulator.ActiveCfg = Release|iPhoneSimulator
		{37A873AF-BFC6-4A33-8CD2-B1CE35A66FC1}.Release|iPhoneSimulator.Build.0 = Release|iPhoneSimulator
		{37A873AF-BFC6-4A33-8CD2-B1CE35A66FC1}.Release|x64.ActiveCfg = Release|iPhone
		{37A873AF-BFC6-4A33-8CD2-B1CE35A66FC1}.Release|x86.ActiveCfg = Release|iPhone
		{392B0DBC-9A1B-4635-9C7C-8E6F7EE00879}.Ad-Hoc|Any CPU.ActiveCfg = Ad-Hoc|iPhone
		{392B0DBC-9A1B-4635-9C7C-8E6F7EE00879}.Ad-Hoc|ARM.ActiveCfg = Ad-Hoc|iPhone
		{392B0DBC-9A1B-4635-9C7C-8E6F7EE00879}.Ad-Hoc|iPhone.ActiveCfg = Ad-Hoc|iPhone
		{392B0DBC-9A1B-4635-9C7C-8E6F7EE00879}.Ad-Hoc|iPhone.Build.0 = Ad-Hoc|iPhone
		{392B0DBC-9A1B-4635-9C7C-8E6F7EE00879}.Ad-Hoc|iPhoneSimulator.ActiveCfg = Ad-Hoc|iPhoneSimulator
		{392B0DBC-9A1B-4635-9C7C-8E6F7EE00879}.Ad-Hoc|iPhoneSimulator.Build.0 = Ad-Hoc|iPhoneSimulator
		{392B0DBC-9A1B-4635-9C7C-8E6F7EE00879}.Ad-Hoc|x64.ActiveCfg = Ad-Hoc|iPhone
		{392B0DBC-9A1B-4635-9C7C-8E6F7EE00879}.Ad-Hoc|x86.ActiveCfg = Ad-Hoc|iPhone
		{392B0DBC-9A1B-4635-9C7C-8E6F7EE00879}.AppStore|Any CPU.ActiveCfg = AppStore|iPhone
		{392B0DBC-9A1B-4635-9C7C-8E6F7EE00879}.AppStore|ARM.ActiveCfg = AppStore|iPhone
		{392B0DBC-9A1B-4635-9C7C-8E6F7EE00879}.AppStore|iPhone.ActiveCfg = AppStore|iPhone
		{392B0DBC-9A1B-4635-9C7C-8E6F7EE00879}.AppStore|iPhone.Build.0 = AppStore|iPhone
		{392B0DBC-9A1B-4635-9C7C-8E6F7EE00879}.AppStore|iPhoneSimulator.ActiveCfg = AppStore|iPhoneSimulator
		{392B0DBC-9A1B-4635-9C7C-8E6F7EE00879}.AppStore|iPhoneSimulator.Build.0 = AppStore|iPhoneSimulator
		{392B0DBC-9A1B-4635-9C7C-8E6F7EE00879}.AppStore|x64.ActiveCfg = AppStore|iPhone
		{392B0DBC-9A1B-4635-9C7C-8E6F7EE00879}.AppStore|x86.ActiveCfg = AppStore|iPhone
		{392B0DBC-9A1B-4635-9C7C-8E6F7EE00879}.Debug|Any CPU.ActiveCfg = Debug|iPhone
		{392B0DBC-9A1B-4635-9C7C-8E6F7EE00879}.Debug|ARM.ActiveCfg = Debug|iPhone
		{392B0DBC-9A1B-4635-9C7C-8E6F7EE00879}.Debug|iPhone.ActiveCfg = Debug|iPhone
		{392B0DBC-9A1B-4635-9C7C-8E6F7EE00879}.Debug|iPhone.Build.0 = Debug|iPhone
		{392B0DBC-9A1B-4635-9C7C-8E6F7EE00879}.Debug|iPhoneSimulator.ActiveCfg = Debug|iPhoneSimulator
		{392B0DBC-9A1B-4635-9C7C-8E6F7EE00879}.Debug|iPhoneSimulator.Build.0 = Debug|iPhoneSimulator
		{392B0DBC-9A1B-4635-9C7C-8E6F7EE00879}.Debug|x64.ActiveCfg = Debug|iPhone
		{392B0DBC-9A1B-4635-9C7C-8E6F7EE00879}.Debug|x86.ActiveCfg = Debug|iPhone
		{392B0DBC-9A1B-4635-9C7C-8E6F7EE00879}.Release|Any CPU.ActiveCfg = Release|iPhone
		{392B0DBC-9A1B-4635-9C7C-8E6F7EE00879}.Release|ARM.ActiveCfg = Release|iPhone
		{392B0DBC-9A1B-4635-9C7C-8E6F7EE00879}.Release|iPhone.ActiveCfg = Release|iPhone
		{392B0DBC-9A1B-4635-9C7C-8E6F7EE00879}.Release|iPhone.Build.0 = Release|iPhone
		{392B0DBC-9A1B-4635-9C7C-8E6F7EE00879}.Release|iPhoneSimulator.ActiveCfg = Release|iPhoneSimulator
		{392B0DBC-9A1B-4635-9C7C-8E6F7EE00879}.Release|iPhoneSimulator.Build.0 = Release|iPhoneSimulator
		{392B0DBC-9A1B-4635-9C7C-8E6F7EE00879}.Release|x64.ActiveCfg = Release|iPhone
		{392B0DBC-9A1B-4635-9C7C-8E6F7EE00879}.Release|x86.ActiveCfg = Release|iPhone
		{3A7CDED9-8DB3-4392-B8DD-47AC6CA4D9EA}.Ad-Hoc|Any CPU.ActiveCfg = Debug|Any CPU
		{3A7CDED9-8DB3-4392-B8DD-47AC6CA4D9EA}.Ad-Hoc|Any CPU.Build.0 = Debug|Any CPU
		{3A7CDED9-8DB3-4392-B8DD-47AC6CA4D9EA}.Ad-Hoc|ARM.ActiveCfg = Debug|Any CPU
		{3A7CDED9-8DB3-4392-B8DD-47AC6CA4D9EA}.Ad-Hoc|ARM.Build.0 = Debug|Any CPU
		{3A7CDED9-8DB3-4392-B8DD-47AC6CA4D9EA}.Ad-Hoc|iPhone.ActiveCfg = Debug|Any CPU
		{3A7CDED9-8DB3-4392-B8DD-47AC6CA4D9EA}.Ad-Hoc|iPhone.Build.0 = Debug|Any CPU
		{3A7CDED9-8DB3-4392-B8DD-47AC6CA4D9EA}.Ad-Hoc|iPhoneSimulator.ActiveCfg = Debug|Any CPU
		{3A7CDED9-8DB3-4392-B8DD-47AC6CA4D9EA}.Ad-Hoc|iPhoneSimulator.Build.0 = Debug|Any CPU
		{3A7CDED9-8DB3-4392-B8DD-47AC6CA4D9EA}.Ad-Hoc|x64.ActiveCfg = Debug|Any CPU
		{3A7CDED9-8DB3-4392-B8DD-47AC6CA4D9EA}.Ad-Hoc|x64.Build.0 = Debug|Any CPU
		{3A7CDED9-8DB3-4392-B8DD-47AC6CA4D9EA}.Ad-Hoc|x86.ActiveCfg = Debug|Any CPU
		{3A7CDED9-8DB3-4392-B8DD-47AC6CA4D9EA}.Ad-Hoc|x86.Build.0 = Debug|Any CPU
		{3A7CDED9-8DB3-4392-B8DD-47AC6CA4D9EA}.AppStore|Any CPU.ActiveCfg = Debug|Any CPU
		{3A7CDED9-8DB3-4392-B8DD-47AC6CA4D9EA}.AppStore|Any CPU.Build.0 = Debug|Any CPU
		{3A7CDED9-8DB3-4392-B8DD-47AC6CA4D9EA}.AppStore|ARM.ActiveCfg = Debug|Any CPU
		{3A7CDED9-8DB3-4392-B8DD-47AC6CA4D9EA}.AppStore|ARM.Build.0 = Debug|Any CPU
		{3A7CDED9-8DB3-4392-B8DD-47AC6CA4D9EA}.AppStore|iPhone.ActiveCfg = Debug|Any CPU
		{3A7CDED9-8DB3-4392-B8DD-47AC6CA4D9EA}.AppStore|iPhone.Build.0 = Debug|Any CPU
		{3A7CDED9-8DB3-4392-B8DD-47AC6CA4D9EA}.AppStore|iPhoneSimulator.ActiveCfg = Debug|Any CPU
		{3A7CDED9-8DB3-4392-B8DD-47AC6CA4D9EA}.AppStore|iPhoneSimulator.Build.0 = Debug|Any CPU
		{3A7CDED9-8DB3-4392-B8DD-47AC6CA4D9EA}.AppStore|x64.ActiveCfg = Debug|Any CPU
		{3A7CDED9-8DB3-4392-B8DD-47AC6CA4D9EA}.AppStore|x64.Build.0 = Debug|Any CPU
		{3A7CDED9-8DB3-4392-B8DD-47AC6CA4D9EA}.AppStore|x86.ActiveCfg = Debug|Any CPU
		{3A7CDED9-8DB3-4392-B8DD-47AC6CA4D9EA}.AppStore|x86.Build.0 = Debug|Any CPU
		{3A7CDED9-8DB3-4392-B8DD-47AC6CA4D9EA}.Debug|Any CPU.ActiveCfg = Debug|Any CPU
		{3A7CDED9-8DB3-4392-B8DD-47AC6CA4D9EA}.Debug|Any CPU.Build.0 = Debug|Any CPU
		{3A7CDED9-8DB3-4392-B8DD-47AC6CA4D9EA}.Debug|ARM.ActiveCfg = Debug|Any CPU
		{3A7CDED9-8DB3-4392-B8DD-47AC6CA4D9EA}.Debug|ARM.Build.0 = Debug|Any CPU
		{3A7CDED9-8DB3-4392-B8DD-47AC6CA4D9EA}.Debug|iPhone.ActiveCfg = Debug|Any CPU
		{3A7CDED9-8DB3-4392-B8DD-47AC6CA4D9EA}.Debug|iPhone.Build.0 = Debug|Any CPU
		{3A7CDED9-8DB3-4392-B8DD-47AC6CA4D9EA}.Debug|iPhoneSimulator.ActiveCfg = Debug|Any CPU
		{3A7CDED9-8DB3-4392-B8DD-47AC6CA4D9EA}.Debug|iPhoneSimulator.Build.0 = Debug|Any CPU
		{3A7CDED9-8DB3-4392-B8DD-47AC6CA4D9EA}.Debug|x64.ActiveCfg = Debug|Any CPU
		{3A7CDED9-8DB3-4392-B8DD-47AC6CA4D9EA}.Debug|x64.Build.0 = Debug|Any CPU
		{3A7CDED9-8DB3-4392-B8DD-47AC6CA4D9EA}.Debug|x86.ActiveCfg = Debug|Any CPU
		{3A7CDED9-8DB3-4392-B8DD-47AC6CA4D9EA}.Debug|x86.Build.0 = Debug|Any CPU
		{3A7CDED9-8DB3-4392-B8DD-47AC6CA4D9EA}.Release|Any CPU.ActiveCfg = Debug|Any CPU
		{3A7CDED9-8DB3-4392-B8DD-47AC6CA4D9EA}.Release|Any CPU.Build.0 = Debug|Any CPU
		{3A7CDED9-8DB3-4392-B8DD-47AC6CA4D9EA}.Release|ARM.ActiveCfg = Debug|Any CPU
		{3A7CDED9-8DB3-4392-B8DD-47AC6CA4D9EA}.Release|ARM.Build.0 = Debug|Any CPU
		{3A7CDED9-8DB3-4392-B8DD-47AC6CA4D9EA}.Release|iPhone.ActiveCfg = Debug|Any CPU
		{3A7CDED9-8DB3-4392-B8DD-47AC6CA4D9EA}.Release|iPhone.Build.0 = Debug|Any CPU
		{3A7CDED9-8DB3-4392-B8DD-47AC6CA4D9EA}.Release|iPhoneSimulator.ActiveCfg = Debug|Any CPU
		{3A7CDED9-8DB3-4392-B8DD-47AC6CA4D9EA}.Release|iPhoneSimulator.Build.0 = Debug|Any CPU
		{3A7CDED9-8DB3-4392-B8DD-47AC6CA4D9EA}.Release|x64.ActiveCfg = Debug|Any CPU
		{3A7CDED9-8DB3-4392-B8DD-47AC6CA4D9EA}.Release|x64.Build.0 = Debug|Any CPU
		{3A7CDED9-8DB3-4392-B8DD-47AC6CA4D9EA}.Release|x86.ActiveCfg = Debug|Any CPU
		{3A7CDED9-8DB3-4392-B8DD-47AC6CA4D9EA}.Release|x86.Build.0 = Debug|Any CPU
	EndGlobalSection
	GlobalSection(SolutionProperties) = preSolution
		HideSolutionNode = FALSE
	EndGlobalSection
	GlobalSection(NestedProjects) = preSolution
		{3C61EF9D-3ABE-40EC-BB96-9E16D3EF5EE5} = {98086B43-9FF5-4181-8B72-3908D01EC82B}
		{44636E4C-D213-4B6A-A809-1B64DA94A3FE} = {3C61EF9D-3ABE-40EC-BB96-9E16D3EF5EE5}
	EndGlobalSection
	GlobalSection(Performance) = preSolution
		HasPerformanceSessions = true
	EndGlobalSection
	GlobalSection(Performance) = preSolution
		HasPerformanceSessions = true
	EndGlobalSection
	GlobalSection(Performance) = preSolution
		HasPerformanceSessions = true
	EndGlobalSection
	GlobalSection(Performance) = preSolution
		HasPerformanceSessions = true
	EndGlobalSection
	GlobalSection(Performance) = preSolution
		HasPerformanceSessions = true
	EndGlobalSection
	GlobalSection(Performance) = preSolution
		HasPerformanceSessions = true
	EndGlobalSection
	GlobalSection(Performance) = preSolution
		HasPerformanceSessions = true
	EndGlobalSection
EndGlobal
